
Microsoft Visual Studio Solution File, Format Version 12.00
Project("{FAE04EC0-301F-11D3-BF4B-00C04F79EFBC}") = "basic-graphQL-api", "basic-graphQL-api\basic-graphQL-api.csproj", "{077B8CF8-C2AD-4A32-A1F1-B35407BD6349}"
EndProject
Global
	GlobalSection(SolutionConfigurationPlatforms) = preSolution
		Debug|Any CPU = Debug|Any CPU
		Release|Any CPU = Release|Any CPU
	EndGlobalSection
	GlobalSection(ProjectConfigurationPlatforms) = postSolution
		{077B8CF8-C2AD-4A32-A1F1-B35407BD6349}.Debug|Any CPU.ActiveCfg = Debug|Any CPU
		{077B8CF8-C2AD-4A32-A1F1-B35407BD6349}.Debug|Any CPU.Build.0 = Debug|Any CPU
		{077B8CF8-C2AD-4A32-A1F1-B35407BD6349}.Release|Any CPU.ActiveCfg = Release|Any CPU
		{077B8CF8-C2AD-4A32-A1F1-B35407BD6349}.Release|Any CPU.Build.0 = Release|Any CPU
	EndGlobalSection
EndGlobal
